
Microsoft Visual Studio Solution File, Format Version 12.00
# Visual Studio Version 17
VisualStudioVersion = 17.9.34714.143
MinimumVisualStudioVersion = 10.0.40219.1
Project("{9A19103F-16F7-4668-BE54-9A1E7A4F7556}") = "TriggerPFA", "TriggerPFA\TriggerPFA.csproj", "{BB309C5C-F85D-43BB-A757-638B1107616A}"
EndProject
Global
	GlobalSection(SolutionConfigurationPlatforms) = preSolution
		Debug|Any CPU = Debug|Any CPU
		Release|Any CPU = Release|Any CPU
	EndGlobalSection
	GlobalSection(ProjectConfigurationPlatforms) = postSolution
		{BB309C5C-F85D-43BB-A757-638B1107616A}.Debug|Any CPU.ActiveCfg = Debug|Any CPU
		{BB309C5C-F85D-43BB-A757-638B1107616A}.Debug|Any CPU.Build.0 = Debug|Any CPU
		{BB309C5C-F85D-43BB-A757-638B1107616A}.Release|Any CPU.ActiveCfg = Release|Any CPU
		{BB309C5C-F85D-43BB-A757-638B1107616A}.Release|Any CPU.Build.0 = Release|Any CPU
	EndGlobalSection
	GlobalSection(SolutionProperties) = preSolution
		HideSolutionNode = FALSE
	EndGlobalSection
	GlobalSection(ExtensibilityGlobals) = postSolution
		SolutionGuid = {1950EB0F-04B4-4379-9222-0F3075517327}
	EndGlobalSection
EndGlobal
